{
    "_meta": {
        "hash": {
            "sha256": "9e68738f69b0bf2d0128a4832c3d5603ec4a02091c0abf1e43482a2c17d40a37"
        },
        "pipfile-spec": 6,
        "requires": {
            "python_version": "3.11"
        },
        "sources": [
            {
                "name": "pypi",
                "url": "https://pypi.org/simple",
                "verify_ssl": true
            }
        ]
    },
    "default": {
        "gevent": {
            "hashes": [
                "sha256:272cffdf535978d59c38ed837916dfd2b5d193be1e9e5dcc60a5f4d5025dd98a",
                "sha256:2c7b5c9912378e5f5ccf180d1fdb1e83f42b71823483066eddbe10ef1a2fcaa2",
                "sha256:36a549d632c14684bcbbd3014a6ce2666c5f2a500f34d58d32df6c9ea38b6535",
                "sha256:4368f341a5f51611411ec3fc62426f52ac3d6d42eaee9ed0f9eebe715c80184e",
                "sha256:43daf68496c03a35287b8b617f9f91e0e7c0d042aebcc060cadc3f049aadd653",
                "sha256:455e5ee8103f722b503fa45dedb04f3ffdec978c1524647f8ba72b4f08490af1",
                "sha256:45792c45d60f6ce3d19651d7fde0bc13e01b56bb4db60d3f32ab7d9ec467374c",
                "sha256:4e24c2af9638d6c989caffc691a039d7c7022a31c0363da367c0d32ceb4a0648",
                "sha256:52b4abf28e837f1865a9bdeef58ff6afd07d1d888b70b6804557e7908032e599",
                "sha256:52e9f12cd1cda96603ce6b113d934f1aafb873e2c13182cf8e86d2c5c41982ea",
                "sha256:5f3c781c84794926d853d6fb58554dc0dcc800ba25c41d42f6959c344b4db5a6",
                "sha256:62d121344f7465e3739989ad6b91f53a6ca9110518231553fe5846dbe1b4518f",
                "sha256:65883ac026731ac112184680d1f0f1e39fa6f4389fd1fc0bf46cc1388e2599f9",
                "sha256:707904027d7130ff3e59ea387dddceedb133cc742b00b3ffe696d567147a9c9e",
                "sha256:72c002235390d46f94938a96920d8856d4ffd9ddf62a303a0d7c118894097e34",
                "sha256:7532c17bc6c1cbac265e751b95000961715adef35a25d2b0b1813aa7263fb397",
                "sha256:78eebaf5e73ff91d34df48f4e35581ab4c84e22dd5338ef32714264063c57507",
                "sha256:7c1abc6f25f475adc33e5fc2dbcc26a732608ac5375d0d306228738a9ae14d3b",
                "sha256:7c28e38dcde327c217fdafb9d5d17d3e772f636f35df15ffae2d933a5587addd",
                "sha256:7ccf0fd378257cb77d91c116e15c99e533374a8153632c48a3ecae7f7f4f09fe",
                "sha256:921dda1c0b84e3d3b1778efa362d61ed29e2b215b90f81d498eb4d8eafcd0b7a",
                "sha256:a2898b7048771917d85a1d548fd378e8a7b2ca963db8e17c6d90c76b495e0e2b",
                "sha256:a3c5e9b1f766a7a64833334a18539a362fb563f6c4682f9634dea72cbe24f771",
                "sha256:ada07076b380918829250201df1d016bdafb3acf352f35e5693b59dceee8dd2e",
                "sha256:b101086f109168b23fa3586fccd1133494bdb97f86920a24dc0b23984dc30b69",
                "sha256:bf456bd6b992eb0e1e869e2fd0caf817f0253e55ca7977fd0e72d0336a8c1c6a",
                "sha256:bf7af500da05363e66f122896012acb6e101a552682f2352b618e541c941a011",
                "sha256:c3e5d2fa532e4d3450595244de8ccf51f5721a05088813c1abd93ad274fe15e7",
                "sha256:c84d34256c243b0a53d4335ef0bc76c735873986d478c53073861a92566a8d71",
                "sha256:d163d59f1be5a4c4efcdd13c2177baaf24aadf721fdf2e1af9ee54a998d160f5",
                "sha256:d57737860bfc332b9b5aa438963986afe90f49645f6e053140cfa0fa1bdae1ae",
                "sha256:dbb22a9bbd6a13e925815ce70b940d1578dbe5d4013f20d23e8a11eddf8d14a7",
                "sha256:dcb8612787a7f4626aa881ff15ff25439561a429f5b303048f0fca8a1c781c39",
                "sha256:dd6c32ab977ecf7c7b8c2611ed95fa4aaebd69b74bf08f4b4960ad516861517d",
                "sha256:de350fde10efa87ea60d742901e1053eb2127ebd8b59a7d3b90597eb4e586599",
                "sha256:e1ead6863e596a8cc2a03e26a7a0981f84b6b3e956101135ff6d02df4d9a6b07",
                "sha256:ed7a048d3e526a5c1d55c44cb3bc06cfdc1947d06d45006cc4cf60dedc628904",
                "sha256:f632487c87866094546a74eefbca2c74c1d03638b715b6feb12e80120960185a",
                "sha256:fae8d5b5b8fa2a8f63b39f5447168b02db10c888a3e387ed7af2bd1b8612e543",
                "sha256:fde6402c5432b835fbb7698f1c7f2809c8d6b2bd9d047ac1f5a7c1d5aa569303"
            ],
            "markers": "python_version >= '3.8'",
            "version": "==23.9.1"
        },
        "greenlet": {
            "hashes": [
                "sha256:07f6d1ce31a1db5102a42b4afa609af330edfd8a81d10faba3e47ae33a07cbdf",
                "sha256:097a2f75c79c3fa76fea2e5d48a637233722fe72a5ebb1213c55f0a0898f481c",
                "sha256:0df5c2ad154f457fd372e39723493b3df519330a4c1bff3ca901be66130f379b",
                "sha256:1c16f1bbaf9c75dfac3e52bb778d2fd6099fd5aa59fafa678eca5853eedd99ec",
                "sha256:1fb703a102a02361a0cc6a3d9a7958e1584fdeb536bd37ca9aca529d3356bedd",
                "sha256:215bdb33e85fd89fe55f9984dc6f0a96b5774bace663e1a6d051e65d66170ef8",
                "sha256:242d56d2d5f6859f0f086ce62555a2c692c8053c89721d41fead5e1e8dffdb36",
                "sha256:256b748fc1e6c97012f217e0a403116cb0dd369bf1cff51c07a9c52899d4a8a8",
                "sha256:2a2affddff9b2f846f40799673e41b29f0500582415c860fca8f146858e9de1a",
                "sha256:2a7831d04a0f8a14645c010e3fb3fa36b8d2df304dd837948427ccfec2524ddf",
                "sha256:30daee988fc83078b016fa95a7a1f78a7c86534a44238748b9748675814eb1dc",
                "sha256:30ffaa6c020a615c8f4be3abfc6029982fda026a3bf9a6dc7205afb033251506",
                "sha256:37213e72058d2e6231d18417adc63c698c040fbb47dc59a3fd633973214ab1ab",
                "sha256:38ffc7538bc66766a8b551888903d415773481c4bd13560a4fb24887222e3cc9",
                "sha256:3c0082d7b83312c59127811367089f812f8f1386fad7e8cf321fd732b4a6ace6",
                "sha256:4936e6e051932848c4b237a874da8dbb47bfbb5ae5104497fb78c4f4cf184989",
                "sha256:4c35608918f331256be199d3712552fa8a1d12f87ac171a86a31488c60d298f5",
                "sha256:5585bf8d1d2d3712010ee74988c2ed85c54b127b97f2778fbdcc5b3ea8e801a2",
                "sha256:5770d43b08dfa10f4460c1bd51f8c80e6f2c47611054e9fb80d4d7976d07e560",
                "sha256:5fcc7162944c2fedfb2253ca2171267e016a3b065c73369d0d4a27f601e7f162",
                "sha256:66790e1537382e53bce64de3a695d1b12a04b00104df45f7ef472a10561936c2",
                "sha256:66f1131c17dba115ea7cb3b257b6751b3c4cfd324f2121447e2483f57abbbf3c",
                "sha256:68349987bf2ce274953f9f9b28458869bd8770a0c5461e1ef91d8107b1bae361",
                "sha256:686821157368c1c4ef53aa68e6801280010da92ab0e4265dad37003341fca6a1",
                "sha256:68bd35ad9f99df0ef18836fd0fb34278dca6b3350bdcf1e8809822fc4f57a82e",
                "sha256:69db00f775ed9d233f53ef67c66ea40a7add0c0929eb528f633982e27595dd37",
                "sha256:7c887ecb55374d585d71ff8f9d07c137637694e88fa2b5d5b1450a05ece62ae9",
                "sha256:81d653ae6c64b85ce4c7bccbea7b630de8799da751b73e55b4c68875b6eb19d6",
                "sha256:864619b058f573058cd77f6944cf63d7f42157fe30be494798721bd8ac256d7b",
                "sha256:86e651fa59263f7ff1d4657b086c48cfe7e26db2a36e2d74069f3b5aeab478e6",
                "sha256:895b689fc52a5bc402f8d624705110df5c265b1410ffe8e0769a66db9d2e7851",
                "sha256:95bc6ec8dd73f8f36e9dfc61a7fa5a2819d1cd52d0bfdb70a43434d6b2aeb239",
                "sha256:977898b8c24159467c66ed1a8f62aacd33f3d85f852cf413d0d2e2a87a6b3091",
                "sha256:997456b74efee91ceeb39d63818909da5dbb712a07f7742f4378986ac3473463",
                "sha256:a31b3a4bd10c540a7eb7d4b43d16779813ca4c79b615ed6d4ebf0e5a782d9fa0",
                "sha256:a84a88422b5a0360fae57ad6b3b20fc17c9462880929810b0a26ee43aa05982e",
                "sha256:ae84d2f2658990f29df4ea753061b25c337bd70f805128af328098e5b8afc454",
                "sha256:b6f8253fdb00e74b928ab5d04f88ddbc8beb0cc26aa978bb4a12c1513166d481",
                "sha256:bd586284bbf18ca3068e1fcc67ef54538e1bb74cb605ebdac9e62048237839f5",
                "sha256:beeb5cfbd8f3792c37db4e3c5665aa750d78bbdabe758161a34e7dfe27075e69",
                "sha256:c706041cd92e1b9d2b602eaa31e94aad14453bdbf186ce77530f25167c173a0e",
                "sha256:c80cac2776df3dd08f27b7338f467a62ee6cb29668a8f4f408b8da1f981aae9e",
                "sha256:cd51cc2528a2985f3bc0564c1b1ce5b2e6fa4ee9924503010428256fa95b0e3c",
                "sha256:d3cd3957af8cec1fcfd87d92ca71b7d434d798036e14ae878f9ab1e07d99da0d",
                "sha256:d79cf299ba1996d8a4f133b317e709a0a3ce87181308280e40664e12cb512c54",
                "sha256:dd00046dfd00767fce18f9933658d126652a500caf7af9dbfbd43818e4b484c2",
                "sha256:dde5deb355b34bbf44b15789e27c56862f51f417207be49eedc58fce34681fe6",
                "sha256:e388ceb55b8f3f388afea4d4a17a64b619040f0e8e9fa3e17e7c34f4d0fbe103",
                "sha256:e787b00002cef3b98c7cf700fb85c2c01b0d202b1c6731706e5baa4b3325aa1e",
                "sha256:e83c4c7a0814dcfd7e2fe4b74a371f3ce489b62ff02e81d0c5cacc8ba4750395",
                "sha256:e8698f341e78dd0f149511929e92d1507cc26647f047db13987169d244db10fb",
                "sha256:ef7c6e49a9a020d56349c6a769352709bfbe35d3ee7f98bd5efcac6cedbdc162",
                "sha256:ef9789aea735004eba559c7919a73a3b475d0c28e2c1e9de464c6bc761bf69f4",
                "sha256:f059457db4e2ae4a4fdae455453c5e5765aa08efcb804e2a106c69c31bd438ba",
                "sha256:f0c5508582339090b99e2863a157fc2708ab9c8b5cd21619bdcb04edcdc6c28d",
                "sha256:f1c9ad8d6500f7b142a94054281d9628bc8652a14b0923d02e0dfd87392fbc74",
                "sha256:f33e7ff85775cb0ec6abb0950ffc631960bae5a203da38166fc3dfde826e0d0a",
                "sha256:f8661d14d3e07f2ceeb850e4cbcc7114bdf90a8dc82d63d37b08a50bb6955a77"
            ],
            "markers": "platform_python_implementation == 'CPython' and python_version >= '3.11'",
            "version": "==3.0.0rc3"
        },
        "pyeventbus3": {
            "hashes": [
                "sha256:160205e503dcf790fe1aec1c34f964dc5c59241384ef855ab6905caeea9fb2cf",
                "sha256:3b16f7e5dd1487e0fc884ebf20dc9075b7c427a1cb31a54abfce999f6fdccfb4"
            ],
            "index": "pypi",
            "version": "==0.10"
        },
        "setuptools": {
            "hashes": [
                "sha256:4ac1475276d2f1c48684874089fefcd83bd7162ddaafb81fac866ba0db282a87",
                "sha256:b454a35605876da60632df1a60f736524eb73cc47bbc9f3f1ef1b644de74fd2a"
            ],
            "markers": "python_version >= '3.8'",
            "version": "==68.2.2"
        },
        "zope.event": {
            "hashes": [
                "sha256:2832e95014f4db26c47a13fdaef84cef2f4df37e66b59d8f1f4a8f319a632c26",
                "sha256:bac440d8d9891b4068e2b5a2c5e2c9765a9df762944bda6955f96bb9b91e67cd"
            ],
            "markers": "python_version >= '3.7'",
            "version": "==5.0"
        },
        "zope.interface": {
            "hashes": [
                "sha256:042f2381118b093714081fd82c98e3b189b68db38ee7d35b63c327c470ef8373",
                "sha256:0ec9653825f837fbddc4e4b603d90269b501486c11800d7c761eee7ce46d1bbb",
                "sha256:12175ca6b4db7621aedd7c30aa7cfa0a2d65ea3a0105393e05482d7a2d367446",
                "sha256:1592f68ae11e557b9ff2bc96ac8fc30b187e77c45a3c9cd876e3368c53dc5ba8",
                "sha256:23ac41d52fd15dd8be77e3257bc51bbb82469cf7f5e9a30b75e903e21439d16c",
                "sha256:424d23b97fa1542d7be882eae0c0fc3d6827784105264a8169a26ce16db260d8",
                "sha256:4407b1435572e3e1610797c9203ad2753666c62883b921318c5403fb7139dec2",
                "sha256:48f4d38cf4b462e75fac78b6f11ad47b06b1c568eb59896db5b6ec1094eb467f",
                "sha256:4c3d7dfd897a588ec27e391edbe3dd320a03684457470415870254e714126b1f",
                "sha256:5171eb073474a5038321409a630904fd61f12dd1856dd7e9d19cd6fe092cbbc5",
                "sha256:5a158846d0fca0a908c1afb281ddba88744d403f2550dc34405c3691769cdd85",
                "sha256:6ee934f023f875ec2cfd2b05a937bd817efcc6c4c3f55c5778cbf78e58362ddc",
                "sha256:790c1d9d8f9c92819c31ea660cd43c3d5451df1df61e2e814a6f99cebb292788",
                "sha256:809fe3bf1a91393abc7e92d607976bbb8586512913a79f2bf7d7ec15bd8ea518",
                "sha256:87b690bbee9876163210fd3f500ee59f5803e4a6607d1b1238833b8885ebd410",
                "sha256:89086c9d3490a0f265a3c4b794037a84541ff5ffa28bb9c24cc9f66566968464",
                "sha256:99856d6c98a326abbcc2363827e16bd6044f70f2ef42f453c0bd5440c4ce24e5",
                "sha256:aab584725afd10c710b8f1e6e208dbee2d0ad009f57d674cb9d1b3964037275d",
                "sha256:af169ba897692e9cd984a81cb0f02e46dacdc07d6cf9fd5c91e81f8efaf93d52",
                "sha256:b39b8711578dcfd45fc0140993403b8a81e879ec25d53189f3faa1f006087dca",
                "sha256:b3f543ae9d3408549a9900720f18c0194ac0fe810cecda2a584fd4dca2eb3bb8",
                "sha256:d0583b75f2e70ec93f100931660328965bb9ff65ae54695fb3fa0a1255daa6f2",
                "sha256:dfbbbf0809a3606046a41f8561c3eada9db811be94138f42d9135a5c47e75f6f",
                "sha256:e538f2d4a6ffb6edfb303ce70ae7e88629ac6e5581870e66c306d9ad7b564a58",
                "sha256:eba51599370c87088d8882ab74f637de0c4f04a6d08a312dce49368ba9ed5c2a",
                "sha256:ee4b43f35f5dc15e1fec55ccb53c130adb1d11e8ad8263d68b1284b66a04190d",
                "sha256:f2363e5fd81afb650085c6686f2ee3706975c54f331b426800b53531191fdf28",
                "sha256:f299c020c6679cb389814a3b81200fe55d428012c5e76da7e722491f5d205990",
                "sha256:f72f23bab1848edb7472309e9898603141644faec9fd57a823ea6b4d1c4c8995",
                "sha256:fa90bac61c9dc3e1a563e5babb3fd2c0c1c80567e815442ddbe561eadc803b30"
            ],
            "markers": "python_version >= '3.7'",
            "version": "==6.0"
        }
    },
    "develop": {}
}
